
Microsoft Visual Studio Solution File, Format Version 12.00
# Visual Studio Version 17
VisualStudioVersion = 17.4.33122.133
MinimumVisualStudioVersion = 10.0.40219.1
Project("{FAE04EC0-301F-11D3-BF4B-00C04F79EFBC}") = "PPD", "PPD\PPD.csproj", "{8BA0C473-C0F1-4F10-B177-C713F56138EB}"
EndProject
Project("{FAE04EC0-301F-11D3-BF4B-00C04F79EFBC}") = "PPD.Modelos", "PPD.Modelos\PPD.Modelos.csproj", "{A00ADD04-1984-43C0-8278-DB620D3B3840}"
EndProject
Project("{FAE04EC0-301F-11D3-BF4B-00C04F79EFBC}") = "PPD.AccesoDatos", "PPD.AccesoDatos\PPD.AccesoDatos.csproj", "{C5322860-57D5-49F6-A6D4-98DDAB815916}"
EndProject
Global
	GlobalSection(SolutionConfigurationPlatforms) = preSolution
		Debug|Any CPU = Debug|Any CPU
		Release|Any CPU = Release|Any CPU
	EndGlobalSection
	GlobalSection(ProjectConfigurationPlatforms) = postSolution
		{8BA0C473-C0F1-4F10-B177-C713F56138EB}.Debug|Any CPU.ActiveCfg = Debug|Any CPU
		{8BA0C473-C0F1-4F10-B177-C713F56138EB}.Debug|Any CPU.Build.0 = Debug|Any CPU
		{8BA0C473-C0F1-4F10-B177-C713F56138EB}.Release|Any CPU.ActiveCfg = Release|Any CPU
		{8BA0C473-C0F1-4F10-B177-C713F56138EB}.Release|Any CPU.Build.0 = Release|Any CPU
		{A00ADD04-1984-43C0-8278-DB620D3B3840}.Debug|Any CPU.ActiveCfg = Debug|Any CPU
		{A00ADD04-1984-43C0-8278-DB620D3B3840}.Debug|Any CPU.Build.0 = Debug|Any CPU
		{A00ADD04-1984-43C0-8278-DB620D3B3840}.Release|Any CPU.ActiveCfg = Release|Any CPU
		{A00ADD04-1984-43C0-8278-DB620D3B3840}.Release|Any CPU.Build.0 = Release|Any CPU
		{C5322860-57D5-49F6-A6D4-98DDAB815916}.Debug|Any CPU.ActiveCfg = Debug|Any CPU
		{C5322860-57D5-49F6-A6D4-98DDAB815916}.Debug|Any CPU.Build.0 = Debug|Any CPU
		{C5322860-57D5-49F6-A6D4-98DDAB815916}.Release|Any CPU.ActiveCfg = Release|Any CPU
		{C5322860-57D5-49F6-A6D4-98DDAB815916}.Release|Any CPU.Build.0 = Release|Any CPU
	EndGlobalSection
	GlobalSection(SolutionProperties) = preSolution
		HideSolutionNode = FALSE
	EndGlobalSection
	GlobalSection(ExtensibilityGlobals) = postSolution
		SolutionGuid = {DFE05312-F7DC-4EB4-947F-6773695C3C03}
	EndGlobalSection
EndGlobal
